
Microsoft Visual Studio Solution File, Format Version 12.00
# Visual Studio Version 16
VisualStudioVersion = 16.0.32901.82
MinimumVisualStudioVersion = 10.0.40219.1
Project("{FAE04EC0-301F-11D3-BF4B-00C04F79EFBC}") = "Building blocks", "Building blocks.csproj", "{E1F7E349-5BC6-4D63-8BF7-9BD9C4BF1A86}"
EndProject
Global
	GlobalSection(SolutionConfigurationPlatforms) = preSolution
		Debug|Any CPU = Debug|Any CPU
		Release|Any CPU = Release|Any CPU
	EndGlobalSection
	GlobalSection(ProjectConfigurationPlatforms) = postSolution
		{E1F7E349-5BC6-4D63-8BF7-9BD9C4BF1A86}.Debug|Any CPU.ActiveCfg = Debug|Any CPU
		{E1F7E349-5BC6-4D63-8BF7-9BD9C4BF1A86}.Debug|Any CPU.Build.0 = Debug|Any CPU
		{E1F7E349-5BC6-4D63-8BF7-9BD9C4BF1A86}.Release|Any CPU.ActiveCfg = Release|Any CPU
		{E1F7E349-5BC6-4D63-8BF7-9BD9C4BF1A86}.Release|Any CPU.Build.0 = Release|Any CPU
	EndGlobalSection
	GlobalSection(SolutionProperties) = preSolution
		HideSolutionNode = FALSE
	EndGlobalSection
	GlobalSection(ExtensibilityGlobals) = postSolution
		SolutionGuid = {708E528F-2424-4F8E-BCC8-A353D5FA16AA}
	EndGlobalSection
EndGlobal
